
Microsoft Visual Studio Solution File, Format Version 12.00
# Visual Studio Version 17
VisualStudioVersion = 17.2.32616.157
MinimumVisualStudioVersion = 10.0.40219.1
Project("{FAE04EC0-301F-11D3-BF4B-00C04F79EFBC}") = "Progress-Finances-API", "Progress-Finances-API\Progress-Finances-API.csproj", "{63776DCF-DD46-4BDB-9600-22F4BF1CDC74}"
EndProject
Global
	GlobalSection(SolutionConfigurationPlatforms) = preSolution
		Debug|Any CPU = Debug|Any CPU
		Release|Any CPU = Release|Any CPU
	EndGlobalSection
	GlobalSection(ProjectConfigurationPlatforms) = postSolution
		{63776DCF-DD46-4BDB-9600-22F4BF1CDC74}.Debug|Any CPU.ActiveCfg = Debug|Any CPU
		{63776DCF-DD46-4BDB-9600-22F4BF1CDC74}.Debug|Any CPU.Build.0 = Debug|Any CPU
		{63776DCF-DD46-4BDB-9600-22F4BF1CDC74}.Release|Any CPU.ActiveCfg = Release|Any CPU
		{63776DCF-DD46-4BDB-9600-22F4BF1CDC74}.Release|Any CPU.Build.0 = Release|Any CPU
	EndGlobalSection
	GlobalSection(SolutionProperties) = preSolution
		HideSolutionNode = FALSE
	EndGlobalSection
	GlobalSection(ExtensibilityGlobals) = postSolution
		SolutionGuid = {51393BF9-1335-41A0-8A4C-0FA6664494B1}
	EndGlobalSection
EndGlobal
